
Microsoft Visual Studio Solution File, Format Version 12.00
# Visual Studio 15
VisualStudioVersion = 15.0.26730.3
MinimumVisualStudioVersion = 10.0.40219.1
Project("{FAE04EC0-301F-11D3-BF4B-00C04F79EFBC}") = "ApplePayCertificatesHelper", "ApplePayCertificatesHelper\ApplePayCertificatesHelper.csproj", "{7C2F1E25-1DA4-47C3-9E56-9421BADECAC6}"
EndProject
Global
	GlobalSection(SolutionConfigurationPlatforms) = preSolution
		Debug|Any CPU = Debug|Any CPU
		Release|Any CPU = Release|Any CPU
	EndGlobalSection
	GlobalSection(ProjectConfigurationPlatforms) = postSolution
		{7C2F1E25-1DA4-47C3-9E56-9421BADECAC6}.Debug|Any CPU.ActiveCfg = Debug|Any CPU
		{7C2F1E25-1DA4-47C3-9E56-9421BADECAC6}.Debug|Any CPU.Build.0 = Debug|Any CPU
		{7C2F1E25-1DA4-47C3-9E56-9421BADECAC6}.Release|Any CPU.ActiveCfg = Release|Any CPU
		{7C2F1E25-1DA4-47C3-9E56-9421BADECAC6}.Release|Any CPU.Build.0 = Release|Any CPU
	EndGlobalSection
	GlobalSection(SolutionProperties) = preSolution
		HideSolutionNode = FALSE
	EndGlobalSection
	GlobalSection(ExtensibilityGlobals) = postSolution
		SolutionGuid = {422776E6-4987-48E3-9CA6-84BA5A0DC7E6}
	EndGlobalSection
EndGlobal
